
Microsoft Visual Studio Solution File, Format Version 12.00
# Visual Studio Version 17
VisualStudioVersion = 17.0.31903.59
MinimumVisualStudioVersion = 10.0.40219.1
Project("{FAE04EC0-301F-11D3-BF4B-00C04F79EFBC}") = "Web", "Web\Web.csproj", "{1D336D0F-CE68-4240-9809-F285C9E7CF70}"
EndProject
Project("{FAE04EC0-301F-11D3-BF4B-00C04F79EFBC}") = "Application", "Application\Application.csproj", "{5C2F6AF3-ADF5-4184-B4B6-CFE0C420655C}"
EndProject
Project("{FAE04EC0-301F-11D3-BF4B-00C04F79EFBC}") = "Domain", "Domain\Domain.csproj", "{77E69287-D2E3-4571-83DF-71D895E17626}"
EndProject
Project("{FAE04EC0-301F-11D3-BF4B-00C04F79EFBC}") = "Infrastructure", "Infrastructure\Infrastructure.csproj", "{D25CF7D8-18F4-4572-A74F-CF5B6BFD48B1}"
EndProject
Global
	GlobalSection(SolutionConfigurationPlatforms) = preSolution
		Debug|Any CPU = Debug|Any CPU
		Release|Any CPU = Release|Any CPU
	EndGlobalSection
	GlobalSection(SolutionProperties) = preSolution
		HideSolutionNode = FALSE
	EndGlobalSection
	GlobalSection(ProjectConfigurationPlatforms) = postSolution
		{1D336D0F-CE68-4240-9809-F285C9E7CF70}.Debug|Any CPU.ActiveCfg = Debug|Any CPU
		{1D336D0F-CE68-4240-9809-F285C9E7CF70}.Debug|Any CPU.Build.0 = Debug|Any CPU
		{1D336D0F-CE68-4240-9809-F285C9E7CF70}.Release|Any CPU.ActiveCfg = Release|Any CPU
		{1D336D0F-CE68-4240-9809-F285C9E7CF70}.Release|Any CPU.Build.0 = Release|Any CPU
		{5C2F6AF3-ADF5-4184-B4B6-CFE0C420655C}.Debug|Any CPU.ActiveCfg = Debug|Any CPU
		{5C2F6AF3-ADF5-4184-B4B6-CFE0C420655C}.Debug|Any CPU.Build.0 = Debug|Any CPU
		{5C2F6AF3-ADF5-4184-B4B6-CFE0C420655C}.Release|Any CPU.ActiveCfg = Release|Any CPU
		{5C2F6AF3-ADF5-4184-B4B6-CFE0C420655C}.Release|Any CPU.Build.0 = Release|Any CPU
		{77E69287-D2E3-4571-83DF-71D895E17626}.Debug|Any CPU.ActiveCfg = Debug|Any CPU
		{77E69287-D2E3-4571-83DF-71D895E17626}.Debug|Any CPU.Build.0 = Debug|Any CPU
		{77E69287-D2E3-4571-83DF-71D895E17626}.Release|Any CPU.ActiveCfg = Release|Any CPU
		{77E69287-D2E3-4571-83DF-71D895E17626}.Release|Any CPU.Build.0 = Release|Any CPU
		{D25CF7D8-18F4-4572-A74F-CF5B6BFD48B1}.Debug|Any CPU.ActiveCfg = Debug|Any CPU
		{D25CF7D8-18F4-4572-A74F-CF5B6BFD48B1}.Debug|Any CPU.Build.0 = Debug|Any CPU
		{D25CF7D8-18F4-4572-A74F-CF5B6BFD48B1}.Release|Any CPU.ActiveCfg = Release|Any CPU
		{D25CF7D8-18F4-4572-A74F-CF5B6BFD48B1}.Release|Any CPU.Build.0 = Release|Any CPU
	EndGlobalSection
EndGlobal
